
Microsoft Visual Studio Solution File, Format Version 12.00
# Visual Studio 2012
Project("{FAE04EC0-301F-11D3-BF4B-00C04F79EFBC}") = "XamariniOSSQLite", "XamariniOSSQLite\XamariniOSSQLite.csproj", "{726618E3-B6E4-413F-8FDB-BEFE28EC2204}"
EndProject
Global
	GlobalSection(SolutionConfigurationPlatforms) = preSolution
		Debug|iPhoneSimulator = Debug|iPhoneSimulator
		Release|iPhone = Release|iPhone
		Release|iPhoneSimulator = Release|iPhoneSimulator
		Debug|iPhone = Debug|iPhone
	EndGlobalSection
	GlobalSection(ProjectConfigurationPlatforms) = postSolution
		{726618E3-B6E4-413F-8FDB-BEFE28EC2204}.Debug|iPhoneSimulator.ActiveCfg = Debug|iPhoneSimulator
		{726618E3-B6E4-413F-8FDB-BEFE28EC2204}.Debug|iPhoneSimulator.Build.0 = Debug|iPhoneSimulator
		{726618E3-B6E4-413F-8FDB-BEFE28EC2204}.Release|iPhone.ActiveCfg = Release|iPhone
		{726618E3-B6E4-413F-8FDB-BEFE28EC2204}.Release|iPhone.Build.0 = Release|iPhone
		{726618E3-B6E4-413F-8FDB-BEFE28EC2204}.Release|iPhoneSimulator.ActiveCfg = Release|iPhoneSimulator
		{726618E3-B6E4-413F-8FDB-BEFE28EC2204}.Release|iPhoneSimulator.Build.0 = Release|iPhoneSimulator
		{726618E3-B6E4-413F-8FDB-BEFE28EC2204}.Debug|iPhone.ActiveCfg = Debug|iPhone
		{726618E3-B6E4-413F-8FDB-BEFE28EC2204}.Debug|iPhone.Build.0 = Debug|iPhone
	EndGlobalSection
EndGlobal
